{
  "lockfileVersion": 1,
  "workspaces": {
    "": {
      "name": "crm-service",
      "dependencies": {
        "@google-cloud/vertexai": "^1.10.3",
        "@google/generative-ai": "^0.24.1",
        "hono": "^4.7.0",
        "jsforce": "^3.10.14",
        "pg": "^8.13.0",
        "pptxgenjs": "^4.0.1",
        "xlsx": "^0.18.5",
        "zod": "^3.24.0",
      },
      "devDependencies": {
        "@types/pg": "^8.11.0",
        "typescript": "^5.7.0",
      },
    },
  },
  "packages": {
    "@babel/runtime": ["@babel/runtime@7.28.6", "", {}, "sha512-05WQkdpL9COIMz4LjTxGpPNCdlpyimKppYNoJ5Di5EUObifl8t4tuLuUBBZEpoLYOmfvIWrsp9fCl0HoPRVTdA=="],

    "@babel/runtime-corejs3": ["@babel/runtime-corejs3@7.29.0", "", { "dependencies": { "core-js-pure": "^3.48.0" } }, "sha512-TgUkdp71C9pIbBcHudc+gXZnihEDOjUAmXO1VO4HHGES7QLZcShR0stfKIxLSNIYx2fqhmJChOjm/wkF8wv4gA=="],

    "@google-cloud/vertexai": ["@google-cloud/vertexai@1.10.3", "", { "dependencies": { "@google/genai": "^1.45.0", "google-auth-library": "^9.1.0" } }, "sha512-YcEaYPyUVVRz4adNiR4jQQeq/XSOUwH6SERL7NGdZlCXKY+7BofFQpcd71HgdSkzTgERcVQ3TZquNwXNqlTQXQ=="],

    "@google/genai": ["@google/genai@1.46.0", "", { "dependencies": { "google-auth-library": "^10.3.0", "p-retry": "^4.6.2", "protobufjs": "^7.5.4", "ws": "^8.18.0" }, "peerDependencies": { "@modelcontextprotocol/sdk": "^1.25.2" }, "optionalPeers": ["@modelcontextprotocol/sdk"] }, "sha512-ewPMN5JkKfgU5/kdco9ZhXBHDPhVqZpMQqIFQhwsHLf8kyZfx1cNpw1pHo1eV6PGEW7EhIBFi3aYZraFndAXqg=="],

    "@google/generative-ai": ["@google/generative-ai@0.24.1", "", {}, "sha512-MqO+MLfM6kjxcKoy0p1wRzG3b4ZZXtPI+z2IE26UogS2Cm/XHO+7gGRBh6gcJsOiIVoH93UwKvW4HdgiOZCy9Q=="],

    "@inquirer/external-editor": ["@inquirer/external-editor@1.0.3", "", { "dependencies": { "chardet": "^2.1.1", "iconv-lite": "^0.7.0" }, "peerDependencies": { "@types/node": ">=18" }, "optionalPeers": ["@types/node"] }, "sha512-RWbSrDiYmO4LbejWY7ttpxczuwQyZLBUyygsA9Nsv95hpzUWwnNTVQmAq3xuh7vNwCp07UTmE5i11XAEExx4RA=="],

    "@protobufjs/aspromise": ["@protobufjs/aspromise@1.1.2", "", {}, "sha512-j+gKExEuLmKwvz3OgROXtrJ2UG2x8Ch2YZUxahh+s1F2HZ+wAceUNLkvy6zKCPVRkU++ZWQrdxsUeQXmcg4uoQ=="],

    "@protobufjs/base64": ["@protobufjs/base64@1.1.2", "", {}, "sha512-AZkcAA5vnN/v4PDqKyMR5lx7hZttPDgClv83E//FMNhR2TMcLUhfRUBHCmSl0oi9zMgDDqRUJkSxO3wm85+XLg=="],

    "@protobufjs/codegen": ["@protobufjs/codegen@2.0.4", "", {}, "sha512-YyFaikqM5sH0ziFZCN3xDC7zeGaB/d0IUb9CATugHWbd1FRFwWwt4ld4OYMPWu5a3Xe01mGAULCdqhMlPl29Jg=="],

    "@protobufjs/eventemitter": ["@protobufjs/eventemitter@1.1.0", "", {}, "sha512-j9ednRT81vYJ9OfVuXG6ERSTdEL1xVsNgqpkxMsbIabzSo3goCjDIveeGv5d03om39ML71RdmrGNjG5SReBP/Q=="],

    "@protobufjs/fetch": ["@protobufjs/fetch@1.1.0", "", { "dependencies": { "@protobufjs/aspromise": "^1.1.1", "@protobufjs/inquire": "^1.1.0" } }, "sha512-lljVXpqXebpsijW71PZaCYeIcE5on1w5DlQy5WH6GLbFryLUrBD4932W/E2BSpfRJWseIL4v/KPgBFxDOIdKpQ=="],

    "@protobufjs/float": ["@protobufjs/float@1.0.2", "", {}, "sha512-Ddb+kVXlXst9d+R9PfTIxh1EdNkgoRe5tOX6t01f1lYWOvJnSPDBlG241QLzcyPdoNTsblLUdujGSE4RzrTZGQ=="],

    "@protobufjs/inquire": ["@protobufjs/inquire@1.1.0", "", {}, "sha512-kdSefcPdruJiFMVSbn801t4vFK7KB/5gd2fYvrxhuJYg8ILrmn9SKSX2tZdV6V+ksulWqS7aXjBcRXl3wHoD9Q=="],

    "@protobufjs/path": ["@protobufjs/path@1.1.2", "", {}, "sha512-6JOcJ5Tm08dOHAbdR3GrvP+yUUfkjG5ePsHYczMFLq3ZmMkAD98cDgcT2iA1lJ9NVwFd4tH/iSSoe44YWkltEA=="],

    "@protobufjs/pool": ["@protobufjs/pool@1.1.0", "", {}, "sha512-0kELaGSIDBKvcgS4zkjz1PeddatrjYcmMWOlAuAPwAeccUrPHdUqo/J6LiymHHEiJT5NrF1UVwxY14f+fy4WQw=="],

    "@protobufjs/utf8": ["@protobufjs/utf8@1.1.0", "", {}, "sha512-Vvn3zZrhQZkkBE8LSuW3em98c0FwgO4nxzv6OdSxPKJIEKY2bGbHn+mhGIPerzI4twdxaP8/0+06HBpwf345Lw=="],

    "@sindresorhus/is": ["@sindresorhus/is@4.6.0", "", {}, "sha512-t09vSN3MdfsyCHoFcTRCH/iUtG7OJ0CsjzB8cjAmKc/va/kIgeDI/TxsigdncE/4be734m0cvIYwNaV4i2XqAw=="],

    "@types/node": ["@types/node@22.19.15", "", { "dependencies": { "undici-types": "~6.21.0" } }, "sha512-F0R/h2+dsy5wJAUe3tAU6oqa2qbWY5TpNfL/RGmo1y38hiyO1w3x2jPtt76wmuaJI4DQnOBu21cNXQ2STIUUWg=="],

    "@types/pg": ["@types/pg@8.18.0", "", { "dependencies": { "@types/node": "*", "pg-protocol": "*", "pg-types": "^2.2.0" } }, "sha512-gT+oueVQkqnj6ajGJXblFR4iavIXWsGAFCk3dP4Kki5+a9R4NMt0JARdk6s8cUKcfUoqP5dAtDSLU8xYUTFV+Q=="],

    "@types/retry": ["@types/retry@0.12.0", "", {}, "sha512-wWKOClTTiizcZhXnPY4wikVAwmdYHp8q6DmC+EJUzAMsycb7HB32Kh9RN4+0gExjmPmZSAQjgURXIGATPegAvA=="],

    "adler-32": ["adler-32@1.3.1", "", {}, "sha512-ynZ4w/nUUv5rrsR8UUGoe1VC9hZj6V5hU9Qw1HlMDJGEJw5S7TfTErWTjMys6M7vr0YWcPqs3qAr4ss0nDfP+A=="],

    "agent-base": ["agent-base@6.0.2", "", { "dependencies": { "debug": "4" } }, "sha512-RZNwNclF7+MS/8bDg70amg32dyeZGZxiDuQmZxKLAlQjr3jGyLx+4Kkk58UO7D2QdgFIQCovuSuZESne6RG6XQ=="],

    "ansi-escapes": ["ansi-escapes@4.3.2", "", { "dependencies": { "type-fest": "^0.21.3" } }, "sha512-gKXj5ALrKWQLsYG9jlTRmR/xKluxHV+Z9QEwNIgCfM1/uwPMCuzVVnh5mwTd+OuBZcwSIMbqssNWRm1lE51QaQ=="],

    "ansi-regex": ["ansi-regex@5.0.1", "", {}, "sha512-quJQXlTSUGL2LH9SUXo8VwsY4soanhgo6LNSm84E1LBcE8s3O0wpdiRzyR9z/ZZJMlMWv37qOOb9pdJlMUEKFQ=="],

    "ansi-styles": ["ansi-styles@4.3.0", "", { "dependencies": { "color-convert": "^2.0.1" } }, "sha512-zbB9rCJAT1rbjiVDb2hqKFHNYLxgtk8NURxZ3IZwD3F6NtxbXZQCnnSi1Lkx+IDohdPlFp222wVALIheZJQSEg=="],

    "asap": ["asap@2.0.6", "", {}, "sha512-BSHWgDSAiKs50o2Re8ppvp3seVHXSRM44cdSsT9FfNEUUZLOGWVCsiWaRPWM1Znn+mqZ1OfVZ3z3DWEzSp7hRA=="],

    "asynckit": ["asynckit@0.4.0", "", {}, "sha512-Oei9OH4tRh0YqU3GxhX79dM/mwVgvbZJaSNaRk+bshkj0S5cfHcgYakreBjrHwatXKbz+IoIdYLxrKim2MjW0Q=="],

    "base64-js": ["base64-js@1.5.1", "", {}, "sha512-AKpaYlHn8t4SVbOHCy+b5+KKgvR4vrsD8vbvrbiQJps7fKDTkjkDry6ji0rUJjC0kzbNePLwzxq8iypo41qeWA=="],

    "base64url": ["base64url@3.0.1", "", {}, "sha512-ir1UPr3dkwexU7FdV8qBBbNDRUhMmIekYMFZfi+C/sLNnRESKPl23nB9b2pltqfOQNnGzsDdId90AEtG5tCx4A=="],

    "bignumber.js": ["bignumber.js@9.3.1", "", {}, "sha512-Ko0uX15oIUS7wJ3Rb30Fs6SkVbLmPBAKdlm7q9+ak9bbIeFf0MwuBsQV6z7+X768/cHsfg+WlysDWJcmthjsjQ=="],

    "bl": ["bl@4.1.0", "", { "dependencies": { "buffer": "^5.5.0", "inherits": "^2.0.4", "readable-stream": "^3.4.0" } }, "sha512-1W07cM9gS6DcLperZfFSj+bWLtaPGSOHWhPiGzXmvVJbRLdG82sH/Kn8EtW1VqWVA54AKf2h5k5BbnIbwF3h6w=="],

    "buffer": ["buffer@5.7.1", "", { "dependencies": { "base64-js": "^1.3.1", "ieee754": "^1.1.13" } }, "sha512-EHcyIPBQ4BSGlvjB16k5KgAJ27CIsHY/2JBmCRReo48y9rQ3MaUzWX3KVlBa4U7MyX02HdVj0K7C3WaB3ju7FQ=="],

    "buffer-equal-constant-time": ["buffer-equal-constant-time@1.0.1", "", {}, "sha512-zRpUiDwd/xk6ADqPMATG8vc9VPrkck7T07OIx0gnjmJAnHnTVXNQG3vfvWNuiZIkwu9KrKdA1iJKfsfTVxE6NA=="],

    "call-bind-apply-helpers": ["call-bind-apply-helpers@1.0.2", "", { "dependencies": { "es-errors": "^1.3.0", "function-bind": "^1.1.2" } }, "sha512-Sp1ablJ0ivDkSzjcaJdxEunN5/XvksFJ2sMBFfq6x0ryhQV/2b/KwFe21cMpmHtPOSij8K99/wSfoEuTObmuMQ=="],

    "cfb": ["cfb@1.2.2", "", { "dependencies": { "adler-32": "~1.3.0", "crc-32": "~1.2.0" } }, "sha512-KfdUZsSOw19/ObEWasvBP/Ac4reZvAGauZhs6S/gqNhXhI7cKwvlH7ulj+dOEYnca4bm4SGo8C1bTAQvnTjgQA=="],

    "chalk": ["chalk@4.1.2", "", { "dependencies": { "ansi-styles": "^4.1.0", "supports-color": "^7.1.0" } }, "sha512-oKnbhFyRIXpUuez8iBMmyEa4nbj4IOQyuhc/wy9kY7/WVPcwIO9VA668Pu8RkO7+0G76SLROeyw9CpQ061i4mA=="],

    "chardet": ["chardet@2.1.1", "", {}, "sha512-PsezH1rqdV9VvyNhxxOW32/d75r01NY7TQCmOqomRo15ZSOKbpTFVsfjghxo6JloQUCGnH4k1LGu0R4yCLlWQQ=="],

    "cli-cursor": ["cli-cursor@3.1.0", "", { "dependencies": { "restore-cursor": "^3.1.0" } }, "sha512-I/zHAwsKf9FqGoXM4WWRACob9+SNukZTd94DWF57E4toouRulbCxcUh6RKUEOQlYTHJnzkPMySvPNaaSLNfLZw=="],

    "cli-spinners": ["cli-spinners@2.9.2", "", {}, "sha512-ywqV+5MmyL4E7ybXgKys4DugZbX0FC6LnwrhjuykIjnK9k8OQacQ7axGKnjDXWNhns0xot3bZI5h55H8yo9cJg=="],

    "cli-width": ["cli-width@3.0.0", "", {}, "sha512-FxqpkPPwu1HjuN93Omfm4h8uIanXofW0RxVEW3k5RKx+mJJYSthzNhp32Kzxxy3YAEZ/Dc/EWN1vZRY0+kOhbw=="],

    "clone": ["clone@1.0.4", "", {}, "sha512-JQHZ2QMW6l3aH/j6xCqQThY/9OH4D/9ls34cgkUBiEeocRTU04tHfKPBsUK1PqZCUQM7GiA0IIXJSuXHI64Kbg=="],

    "codepage": ["codepage@1.15.0", "", {}, "sha512-3g6NUTPd/YtuuGrhMnOMRjFc+LJw/bnMp3+0r/Wcz3IXUuCosKRJvMphm5+Q+bvTVGcJJuRvVLuYba+WojaFaA=="],

    "color-convert": ["color-convert@2.0.1", "", { "dependencies": { "color-name": "~1.1.4" } }, "sha512-RRECPsj7iu/xb5oKYcsFHSppFNnsj/52OVTRKb4zP5onXwVF3zVmmToNcOfGC+CRDpfK/U584fMg38ZHCaElKQ=="],

    "color-name": ["color-name@1.1.4", "", {}, "sha512-dOy+3AuW3a2wNbZHIuMZpTcgjGuLU/uBL/ubcZF9OXbDo8ff4O8yVp5Bf0efS8uEoYo5q4Fx7dY9OgQGXgAsQA=="],

    "combined-stream": ["combined-stream@1.0.8", "", { "dependencies": { "delayed-stream": "~1.0.0" } }, "sha512-FQN4MRfuJeHf7cBbBMJFXhKSDq+2kAArBlmRBvcvFE5BB1HZKXtSFASDhdlz9zOYwxh8lDdnvmMOe/+5cdoEdg=="],

    "commander": ["commander@4.1.1", "", {}, "sha512-NOKm8xhkzAjzFx8B2v5OAHT+u5pRQc2UCa2Vq9jYL/31o2wi9mxBA7LIFs3sV5VSC49z6pEhfbMULvShKj26WA=="],

    "core-js": ["core-js@3.48.0", "", {}, "sha512-zpEHTy1fjTMZCKLHUZoVeylt9XrzaIN2rbPXEt0k+q7JE5CkCZdo6bNq55bn24a69CH7ErAVLKijxJja4fw+UQ=="],

    "core-js-pure": ["core-js-pure@3.48.0", "", {}, "sha512-1slJgk89tWC51HQ1AEqG+s2VuwpTRr8ocu4n20QUcH1v9lAN0RXen0Q0AABa/DK1I7RrNWLucplOHMx8hfTGTw=="],

    "core-util-is": ["core-util-is@1.0.3", "", {}, "sha512-ZQBvi1DcpJ4GDqanjucZ2Hj3wEO5pZDS89BWbkcrvdxksJorwUDDZamX9ldFkp9aw2lmBDLgkObEA4DWNJ9FYQ=="],

    "crc-32": ["crc-32@1.2.2", "", { "bin": { "crc32": "bin/crc32.njs" } }, "sha512-ROmzCKrTnOwybPcJApAA6WBWij23HVfGVNKqqrZpuyZOHqK2CwHSvpGuyt/UNNvaIjEd8X5IFGp4Mh+Ie1IHJQ=="],

    "csprng": ["csprng@0.1.2", "", { "dependencies": { "sequin": "*" } }, "sha512-D3WAbvvgUVIqSxUfdvLeGjuotsB32bvfVPd+AaaTWMtyUeC9zgCnw5xs94no89yFLVsafvY9dMZEhTwsY/ZecA=="],

    "csv-parse": ["csv-parse@5.6.0", "", {}, "sha512-l3nz3euub2QMg5ouu5U09Ew9Wf6/wQ8I++ch1loQ0ljmzhmfZYrH9fflS22i/PQEvsPvxCwxgz5q7UB8K1JO4Q=="],

    "csv-stringify": ["csv-stringify@6.6.0", "", {}, "sha512-YW32lKOmIBgbxtu3g5SaiqWNwa/9ISQt2EcgOq0+RAIFufFp9is6tqNnKahqE5kuKvrnYAzs28r+s6pXJR8Vcw=="],

    "data-uri-to-buffer": ["data-uri-to-buffer@4.0.1", "", {}, "sha512-0R9ikRb668HB7QDxT1vkpuUBtqc53YyAwMwGeUFKRojY/NWKvdZ+9UYtRfGmhqNbRkTSVpMbmyhXipFFv2cb/A=="],

    "debug": ["debug@4.4.3", "", { "dependencies": { "ms": "^2.1.3" } }, "sha512-RGwwWnwQvkVfavKVt22FGLw+xYSdzARwm0ru6DhTVA3umU5hZc28V3kO4stgYryrTlLpuvgI9GiijltAjNbcqA=="],

    "defaults": ["defaults@1.0.4", "", { "dependencies": { "clone": "^1.0.2" } }, "sha512-eFuaLoy/Rxalv2kr+lqMlUnrDWV+3j4pljOIJgLIhI058IQfWJ7vXhyEIHu+HtC738klGALYxOKDO0bQP3tg8A=="],

    "delayed-stream": ["delayed-stream@1.0.0", "", {}, "sha512-ZySD7Nf91aLB0RxL4KGrKHBXl7Eds1DAmEdcoVawXnLD7SDhpNgtuII2aAkg7a7QS41jxPSZ17p4VdGnMHk3MQ=="],

    "dunder-proto": ["dunder-proto@1.0.1", "", { "dependencies": { "call-bind-apply-helpers": "^1.0.1", "es-errors": "^1.3.0", "gopd": "^1.2.0" } }, "sha512-KIN/nDJBQRcXw0MLVhZE9iQHmG68qAVIBg9CqmUYjmQIhgij9U5MFvrqkUL5FbtyyzZuOeOt0zdeRe4UY7ct+A=="],

    "ecdsa-sig-formatter": ["ecdsa-sig-formatter@1.0.11", "", { "dependencies": { "safe-buffer": "^5.0.1" } }, "sha512-nagl3RYrbNv6kQkeJIpt6NJZy8twLB/2vtz6yN9Z4vRKHN4/QZJIEbqohALSgwKdnksuY3k5Addp5lg8sVoVcQ=="],

    "emoji-regex": ["emoji-regex@8.0.0", "", {}, "sha512-MSjYzcWNOA0ewAHpz0MxpYFvwg6yjy1NG3xteoqz644VCo/RPgnr1/GGt+ic3iJTzQ8Eu3TdM14SawnVUmGE6A=="],

    "es-define-property": ["es-define-property@1.0.1", "", {}, "sha512-e3nRfgfUZ4rNGL232gUgX06QNyyez04KdjFrF+LTRoOXmrOgFKDg4BCdsjW8EnT69eqdYGmRpJwiPVYNrCaW3g=="],

    "es-errors": ["es-errors@1.3.0", "", {}, "sha512-Zf5H2Kxt2xjTvbJvP2ZWLEICxA6j+hAmMzIlypy4xcBg1vKVnx89Wy0GbS+kf5cwCVFFzdCFh2XSCFNULS6csw=="],

    "es-object-atoms": ["es-object-atoms@1.1.1", "", { "dependencies": { "es-errors": "^1.3.0" } }, "sha512-FGgH2h8zKNim9ljj7dankFPcICIK9Cp5bm+c2gQSYePhpaG5+esrLODihIorn+Pe6FGJzWhXQotPv73jTaldXA=="],

    "es-set-tostringtag": ["es-set-tostringtag@2.1.0", "", { "dependencies": { "es-errors": "^1.3.0", "get-intrinsic": "^1.2.6", "has-tostringtag": "^1.0.2", "hasown": "^2.0.2" } }, "sha512-j6vWzfrGVfyXxge+O0x5sh6cvxAog0a/4Rdd2K36zCMV5eJ+/+tOAngRO8cODMNWbVRdVlmGZQL2YS3yR8bIUA=="],

    "escape-string-regexp": ["escape-string-regexp@1.0.5", "", {}, "sha512-vbRorB5FUQWvla16U8R/qgaFIya2qGzwDrNmCZuYKrbdSUMG6I1ZCGQRefkRVhuOkIGVne7BQ35DSfo1qvJqFg=="],

    "extend": ["extend@3.0.2", "", {}, "sha512-fjquC59cD7CyW6urNXK0FBufkZcoiGG80wTuPujX590cB5Ttln20E2UB4S/WARVqhXffZl2LNgS+gQdPIIim/g=="],

    "faye": ["faye@1.4.1", "", { "dependencies": { "asap": "*", "csprng": "*", "faye-websocket": ">=0.9.1", "safe-buffer": "*", "tough-cookie": "*", "tunnel-agent": "*" } }, "sha512-Cg/khikhqlvumHO3efwx2tps2ZgQRjUMrO24G0quz7MMzRYYaEjU224YFXOeuPIvanRegIchVxj6pmHK1W0ikA=="],

    "faye-websocket": ["faye-websocket@0.11.4", "", { "dependencies": { "websocket-driver": ">=0.5.1" } }, "sha512-CzbClwlXAuiRQAlUyfqPgvPoNKTckTPGfwZV4ZdAhVcP2lh9KUxJg2b5GkE7XbjKQ3YJnQ9z6D9ntLAlB+tP8g=="],

    "fetch-blob": ["fetch-blob@3.2.0", "", { "dependencies": { "node-domexception": "^1.0.0", "web-streams-polyfill": "^3.0.3" } }, "sha512-7yAQpD2UMJzLi1Dqv7qFYnPbaPx7ZfFK6PiIxQ4PfkGPyNyl2Ugx+a/umUonmKqjhM4DnfbMvdX6otXq83soQQ=="],

    "figures": ["figures@3.2.0", "", { "dependencies": { "escape-string-regexp": "^1.0.5" } }, "sha512-yaduQFRKLXYOGgEn6AZau90j3ggSOyiqXU0F9JZfeXYhNa+Jk4X+s45A2zg5jns87GAFa34BBm2kXw4XpNcbdg=="],

    "form-data": ["form-data@4.0.5", "", { "dependencies": { "asynckit": "^0.4.0", "combined-stream": "^1.0.8", "es-set-tostringtag": "^2.1.0", "hasown": "^2.0.2", "mime-types": "^2.1.12" } }, "sha512-8RipRLol37bNs2bhoV67fiTEvdTrbMUYcFTiy3+wuuOnUog2QBHCZWXDRijWQfAkhBj2Uf5UnVaiWwA5vdd82w=="],

    "formdata-polyfill": ["formdata-polyfill@4.0.10", "", { "dependencies": { "fetch-blob": "^3.1.2" } }, "sha512-buewHzMvYL29jdeQTVILecSaZKnt/RJWjoZCF5OW60Z67/GmSLBkOFM7qh1PI3zFNtJbaZL5eQu1vLfazOwj4g=="],

    "frac": ["frac@1.1.2", "", {}, "sha512-w/XBfkibaTl3YDqASwfDUqkna4Z2p9cFSr1aHDt0WoMTECnRfBOv2WArlZILlqgWlmdIlALXGpM2AOhEk5W3IA=="],

    "function-bind": ["function-bind@1.1.2", "", {}, "sha512-7XHNxH7qX9xG5mIwxkhumTox/MIRNcOgDrxWsMt2pAr23WHp6MrRlN7FBSFpCpr+oVO0F744iUgR82nJMfG2SA=="],

    "gaxios": ["gaxios@6.7.1", "", { "dependencies": { "extend": "^3.0.2", "https-proxy-agent": "^7.0.1", "is-stream": "^2.0.0", "node-fetch": "^2.6.9", "uuid": "^9.0.1" } }, "sha512-LDODD4TMYx7XXdpwxAVRAIAuB0bzv0s+ywFonY46k126qzQHT9ygyoa9tncmOiQmmDrik65UYsEkv3lbfqQ3yQ=="],

    "gcp-metadata": ["gcp-metadata@6.1.1", "", { "dependencies": { "gaxios": "^6.1.1", "google-logging-utils": "^0.0.2", "json-bigint": "^1.0.0" } }, "sha512-a4tiq7E0/5fTjxPAaH4jpjkSv/uCaU2p5KC6HVGrvl0cDjA8iBZv4vv1gyzlmK0ZUKqwpOyQMKzZQe3lTit77A=="],

    "get-intrinsic": ["get-intrinsic@1.3.0", "", { "dependencies": { "call-bind-apply-helpers": "^1.0.2", "es-define-property": "^1.0.1", "es-errors": "^1.3.0", "es-object-atoms": "^1.1.1", "function-bind": "^1.1.2", "get-proto": "^1.0.1", "gopd": "^1.2.0", "has-symbols": "^1.1.0", "hasown": "^2.0.2", "math-intrinsics": "^1.1.0" } }, "sha512-9fSjSaos/fRIVIp+xSJlE6lfwhES7LNtKaCBIamHsjr2na1BiABJPo0mOjjz8GJDURarmCPGqaiVg5mfjb98CQ=="],

    "get-proto": ["get-proto@1.0.1", "", { "dependencies": { "dunder-proto": "^1.0.1", "es-object-atoms": "^1.0.0" } }, "sha512-sTSfBjoXBp89JvIKIefqw7U2CCebsc74kiY6awiGogKtoSGbgjYE/G/+l9sF3MWFPNc9IcoOC4ODfKHfxFmp0g=="],

    "google-auth-library": ["google-auth-library@9.15.1", "", { "dependencies": { "base64-js": "^1.3.0", "ecdsa-sig-formatter": "^1.0.11", "gaxios": "^6.1.1", "gcp-metadata": "^6.1.0", "gtoken": "^7.0.0", "jws": "^4.0.0" } }, "sha512-Jb6Z0+nvECVz+2lzSMt9u98UsoakXxA2HGHMCxh+so3n90XgYWkq5dur19JAJV7ONiJY22yBTyJB1TSkvPq9Ng=="],

    "google-logging-utils": ["google-logging-utils@1.1.3", "", {}, "sha512-eAmLkjDjAFCVXg7A1unxHsLf961m6y17QFqXqAXGj/gVkKFrEICfStRfwUlGNfeCEjNRa32JEWOUTlYXPyyKvA=="],

    "gopd": ["gopd@1.2.0", "", {}, "sha512-ZUKRh6/kUFoAiTAtTYPZJ3hw9wNxx+BIBOijnlG9PnrJsCcSjs1wyyD6vJpaYtgnzDrKYRSqf3OO6Rfa93xsRg=="],

    "gtoken": ["gtoken@7.1.0", "", { "dependencies": { "gaxios": "^6.0.0", "jws": "^4.0.0" } }, "sha512-pCcEwRi+TKpMlxAQObHDQ56KawURgyAf6jtIY046fJ5tIv3zDe/LEIubckAO8fj6JnAxLdmWkUfNyulQ2iKdEw=="],

    "has-flag": ["has-flag@4.0.0", "", {}, "sha512-EykJT/Q1KjTWctppgIAgfSO0tKVuZUjhgMr17kqTumMl6Afv3EISleU7qZUzoXDFTAHTDC4NOoG/ZxU3EvlMPQ=="],

    "has-symbols": ["has-symbols@1.1.0", "", {}, "sha512-1cDNdwJ2Jaohmb3sg4OmKaMBwuC48sYni5HUw2DvsC8LjGTLK9h+eb1X6RyuOHe4hT0ULCW68iomhjUoKUqlPQ=="],

    "has-tostringtag": ["has-tostringtag@1.0.2", "", { "dependencies": { "has-symbols": "^1.0.3" } }, "sha512-NqADB8VjPFLM2V0VvHUewwwsw0ZWBaIdgo+ieHtK3hasLz4qeCRjYcqfB6AQrBggRKppKF8L52/VqdVsO47Dlw=="],

    "hasown": ["hasown@2.0.2", "", { "dependencies": { "function-bind": "^1.1.2" } }, "sha512-0hJU9SCPvmMzIBdZFqNPXWa6dqh7WdH0cII9y+CyS8rG3nL48Bclra9HmKhVVUHyPWNH5Y7xDwAB7bfgSjkUMQ=="],

    "hono": ["hono@4.12.8", "", {}, "sha512-VJCEvtrezO1IAR+kqEYnxUOoStaQPGrCmX3j4wDTNOcD1uRPFpGlwQUIW8niPuvHXaTUxeOUl5MMDGrl+tmO9A=="],

    "http-parser-js": ["http-parser-js@0.5.10", "", {}, "sha512-Pysuw9XpUq5dVc/2SMHpuTY01RFl8fttgcyunjL7eEMhGM3cI4eOmiCycJDVCo/7O7ClfQD3SaI6ftDzqOXYMA=="],

    "https": ["https@1.0.0", "", {}, "sha512-4EC57ddXrkaF0x83Oj8sM6SLQHAWXw90Skqu2M4AEWENZ3F02dFJE/GARA8igO79tcgYqGrD7ae4f5L3um2lgg=="],

    "https-proxy-agent": ["https-proxy-agent@5.0.1", "", { "dependencies": { "agent-base": "6", "debug": "4" } }, "sha512-dFcAjpTQFgoLMzC2VwU+C/CbS7uRL0lWmxDITmqm7C+7F0Odmj6s9l6alZc6AELXhrnggM2CeWSXHGOdX2YtwA=="],

    "iconv-lite": ["iconv-lite@0.7.2", "", { "dependencies": { "safer-buffer": ">= 2.1.2 < 3.0.0" } }, "sha512-im9DjEDQ55s9fL4EYzOAv0yMqmMBSZp6G0VvFyTMPKWxiSBHUj9NW/qqLmXUwXrrM7AvqSlTCfvqRb0cM8yYqw=="],

    "ieee754": ["ieee754@1.2.1", "", {}, "sha512-dcyqhDvX1C46lXZcVqCpK+FtMRQVdIMN6/Df5js2zouUsqG7I6sFxitIC+7KYK29KdXOLHdu9zL4sFnoVQnqaA=="],

    "image-size": ["image-size@1.2.1", "", { "dependencies": { "queue": "6.0.2" }, "bin": { "image-size": "bin/image-size.js" } }, "sha512-rH+46sQJ2dlwfjfhCyNx5thzrv+dtmBIhPHk0zgRUukHzZ/kRueTJXoYYsclBaKcSMBWuGbOFXtioLpzTb5euw=="],

    "immediate": ["immediate@3.0.6", "", {}, "sha512-XXOFtyqDjNDAQxVfYxuF7g9Il/IbWmmlQg2MYKOH8ExIT1qg6xc4zyS3HaEEATgs1btfzxq15ciUiY7gjSXRGQ=="],

    "inherits": ["inherits@2.0.4", "", {}, "sha512-k/vGaX4/Yla3WzyMCvTQOXYeIHvqOKtnqBduzTHpzpQZzAskKMhZ2K+EnBiSM9zGSoIFeMpXKxa4dYeZIQqewQ=="],

    "inquirer": ["inquirer@8.2.7", "", { "dependencies": { "@inquirer/external-editor": "^1.0.0", "ansi-escapes": "^4.2.1", "chalk": "^4.1.1", "cli-cursor": "^3.1.0", "cli-width": "^3.0.0", "figures": "^3.0.0", "lodash": "^4.17.21", "mute-stream": "0.0.8", "ora": "^5.4.1", "run-async": "^2.4.0", "rxjs": "^7.5.5", "string-width": "^4.1.0", "strip-ansi": "^6.0.0", "through": "^2.3.6", "wrap-ansi": "^6.0.1" } }, "sha512-UjOaSel/iddGZJ5xP/Eixh6dY1XghiBw4XK13rCCIJcJfyhhoul/7KhLLUGtebEj6GDYM6Vnx/mVsjx2L/mFIA=="],

    "is-docker": ["is-docker@2.2.1", "", { "bin": { "is-docker": "cli.js" } }, "sha512-F+i2BKsFrH66iaUFc0woD8sLy8getkwTwtOBjvs56Cx4CgJDeKQeqfz8wAYiSb8JOprWhHH5p77PbmYCvvUuXQ=="],

    "is-fullwidth-code-point": ["is-fullwidth-code-point@3.0.0", "", {}, "sha512-zymm5+u+sCsSWyD9qNaejV3DFvhCKclKdizYaJUuHA83RLjb7nSuGnddCHGv0hk+KY7BMAlsWeK4Ueg6EV6XQg=="],

    "is-interactive": ["is-interactive@1.0.0", "", {}, "sha512-2HvIEKRoqS62guEC+qBjpvRubdX910WCMuJTZ+I9yvqKU2/12eSL549HMwtabb4oupdj2sMP50k+XJfB/8JE6w=="],

    "is-stream": ["is-stream@2.0.1", "", {}, "sha512-hFoiJiTl63nn+kstHGBtewWSKnQLpyb155KHheA1l39uvtO9nWIop1p3udqPcUd/xbF1VLMO4n7OI6p7RbngDg=="],

    "is-unicode-supported": ["is-unicode-supported@0.1.0", "", {}, "sha512-knxG2q4UC3u8stRGyAVJCOdxFmv5DZiRcdlIaAQXAbSfJya+OhopNotLQrstBhququ4ZpuKbDc/8S6mgXgPFPw=="],

    "is-wsl": ["is-wsl@2.2.0", "", { "dependencies": { "is-docker": "^2.0.0" } }, "sha512-fKzAra0rGJUUBwGBgNkHZuToZcn+TtXHpeCgmkMJMMYx1sQDYaCSyjJBSCa2nH1DGm7s3n1oBnohoVTBaN7Lww=="],

    "isarray": ["isarray@1.0.0", "", {}, "sha512-VLghIWNM6ELQzo7zwmcg0NmTVyWKYjvIeM83yjp0wRDTmUnrM678fQbcKBo6n2CJEF0szoG//ytg+TKla89ALQ=="],

    "jsforce": ["jsforce@3.10.14", "", { "dependencies": { "@babel/runtime": "^7.27.0", "@babel/runtime-corejs3": "^7.28.3", "@sindresorhus/is": "^4", "base64url": "^3.0.1", "commander": "^4.0.1", "core-js": "^3.45.0", "csv-parse": "^5.5.2", "csv-stringify": "^6.6.0", "faye": "^1.4.0", "form-data": "^4.0.4", "https-proxy-agent": "^5.0.0", "inquirer": "^8.2.7", "multistream": "^3.1.0", "node-fetch": "^2.6.1", "open": "^7.0.0", "xml2js": "^0.6.2" }, "bin": { "jsforce": "bin/jsforce", "jsforce-gen-schema": "bin/jsforce-gen-schema" } }, "sha512-T719ErAVBJZU5Nl+mPFYkcTew9IRWhjllFceAL3ytoAFJXZUHij/Baxxjshcz6bjmGJlpaDc3/JRGOT0lFfncg=="],

    "json-bigint": ["json-bigint@1.0.0", "", { "dependencies": { "bignumber.js": "^9.0.0" } }, "sha512-SiPv/8VpZuWbvLSMtTDU8hEfrZWg/mH/nV/b4o0CYbSxu1UIQPLdwKOCIyLQX+VIPO5vrLX3i8qtqFyhdPSUSQ=="],

    "jszip": ["jszip@3.10.1", "", { "dependencies": { "lie": "~3.3.0", "pako": "~1.0.2", "readable-stream": "~2.3.6", "setimmediate": "^1.0.5" } }, "sha512-xXDvecyTpGLrqFrvkrUSoxxfJI5AH7U8zxxtVclpsUtMCq4JQ290LY8AW5c7Ggnr/Y/oK+bQMbqK2qmtk3pN4g=="],

    "jwa": ["jwa@2.0.1", "", { "dependencies": { "buffer-equal-constant-time": "^1.0.1", "ecdsa-sig-formatter": "1.0.11", "safe-buffer": "^5.0.1" } }, "sha512-hRF04fqJIP8Abbkq5NKGN0Bbr3JxlQ+qhZufXVr0DvujKy93ZCbXZMHDL4EOtodSbCWxOqR8MS1tXA5hwqCXDg=="],

    "jws": ["jws@4.0.1", "", { "dependencies": { "jwa": "^2.0.1", "safe-buffer": "^5.0.1" } }, "sha512-EKI/M/yqPncGUUh44xz0PxSidXFr/+r0pA70+gIYhjv+et7yxM+s29Y+VGDkovRofQem0fs7Uvf4+YmAdyRduA=="],

    "lie": ["lie@3.3.0", "", { "dependencies": { "immediate": "~3.0.5" } }, "sha512-UaiMJzeWRlEujzAuw5LokY1L5ecNQYZKfmyZ9L7wDHb/p5etKaxXhohBcrw0EYby+G/NA52vRSN4N39dxHAIwQ=="],

    "lodash": ["lodash@4.17.23", "", {}, "sha512-LgVTMpQtIopCi79SJeDiP0TfWi5CNEc/L/aRdTh3yIvmZXTnheWpKjSZhnvMl8iXbC1tFg9gdHHDMLoV7CnG+w=="],

    "log-symbols": ["log-symbols@4.1.0", "", { "dependencies": { "chalk": "^4.1.0", "is-unicode-supported": "^0.1.0" } }, "sha512-8XPvpAA8uyhfteu8pIvQxpJZ7SYYdpUivZpGy6sFsBuKRY/7rQGavedeB8aK+Zkyq6upMFVL/9AW6vOYzfRyLg=="],

    "long": ["long@5.3.2", "", {}, "sha512-mNAgZ1GmyNhD7AuqnTG3/VQ26o760+ZYBPKjPvugO8+nLbYfX6TVpJPseBvopbdY+qpZ/lKUnmEc1LeZYS3QAA=="],

    "math-intrinsics": ["math-intrinsics@1.1.0", "", {}, "sha512-/IXtbwEk5HTPyEwyKX6hGkYXxM9nbj64B+ilVJnC/R6B0pH5G4V3b0pVbL7DBj4tkhBAppbQUlf6F6Xl9LHu1g=="],

    "mime-db": ["mime-db@1.52.0", "", {}, "sha512-sPU4uV7dYlvtWJxwwxHD0PuihVNiE7TyAbQ5SWxDCB9mUYvOgroQOwYQQOKPJ8CIbE+1ETVlOoK1UC2nU3gYvg=="],

    "mime-types": ["mime-types@2.1.35", "", { "dependencies": { "mime-db": "1.52.0" } }, "sha512-ZDY+bPm5zTTF+YpCrAU9nK0UgICYPT0QtT1NZWFv4s++TNkcgVaT0g6+4R2uI4MjQjzysHB1zxuWL50hzaeXiw=="],

    "mimic-fn": ["mimic-fn@2.1.0", "", {}, "sha512-OqbOk5oEQeAZ8WXWydlu9HJjz9WVdEIvamMCcXmuqUYjTknH/sqsWvhQ3vgwKFRR1HpjvNBKQ37nbJgYzGqGcg=="],

    "ms": ["ms@2.1.3", "", {}, "sha512-6FlzubTLZG3J2a/NVCAleEhjzq5oxgHyaCU9yYXvcLsvoVaHJq/s5xXI6/XXP6tz7R9xAOtHnSO/tXtF3WRTlA=="],

    "multistream": ["multistream@3.1.0", "", { "dependencies": { "inherits": "^2.0.1", "readable-stream": "^3.4.0" } }, "sha512-zBgD3kn8izQAN/TaL1PCMv15vYpf+Vcrsfub06njuYVYlzUldzpopTlrEZ53pZVEbfn3Shtv7vRFoOv6LOV87Q=="],

    "mute-stream": ["mute-stream@0.0.8", "", {}, "sha512-nnbWWOkoWyUsTjKrhgD0dcz22mdkSnpYqbEjIm2nhwhuxlSkpywJmBo8h0ZqJdkp73mb90SssHkN4rsRaBAfAA=="],

    "node-domexception": ["node-domexception@1.0.0", "", {}, "sha512-/jKZoMpw0F8GRwl4/eLROPA3cfcXtLApP0QzLmUT/HuPCZWyB7IY9ZrMeKw2O/nFIqPQB3PVM9aYm0F312AXDQ=="],

    "node-fetch": ["node-fetch@2.7.0", "", { "dependencies": { "whatwg-url": "^5.0.0" }, "peerDependencies": { "encoding": "^0.1.0" }, "optionalPeers": ["encoding"] }, "sha512-c4FRfUm/dbcWZ7U+1Wq0AwCyFL+3nt2bEw05wfxSz+DWpWsitgmSgYmy2dQdWyKC1694ELPqMs/YzUSNozLt8A=="],

    "onetime": ["onetime@5.1.2", "", { "dependencies": { "mimic-fn": "^2.1.0" } }, "sha512-kbpaSSGJTWdAY5KPVeMOKXSrPtr8C8C7wodJbcsd51jRnmD+GZu8Y0VoU6Dm5Z4vWr0Ig/1NKuWRKf7j5aaYSg=="],

    "open": ["open@7.4.2", "", { "dependencies": { "is-docker": "^2.0.0", "is-wsl": "^2.1.1" } }, "sha512-MVHddDVweXZF3awtlAS+6pgKLlm/JgxZ90+/NBurBoQctVOOB/zDdVjcyPzQ+0laDGbsWgrRkflI65sQeOgT9Q=="],

    "ora": ["ora@5.4.1", "", { "dependencies": { "bl": "^4.1.0", "chalk": "^4.1.0", "cli-cursor": "^3.1.0", "cli-spinners": "^2.5.0", "is-interactive": "^1.0.0", "is-unicode-supported": "^0.1.0", "log-symbols": "^4.1.0", "strip-ansi": "^6.0.0", "wcwidth": "^1.0.1" } }, "sha512-5b6Y85tPxZZ7QytO+BQzysW31HJku27cRIlkbAXaNx+BdcVi+LlRFmVXzeF6a7JCwJpyw5c4b+YSVImQIrBpuQ=="],

    "p-retry": ["p-retry@4.6.2", "", { "dependencies": { "@types/retry": "0.12.0", "retry": "^0.13.1" } }, "sha512-312Id396EbJdvRONlngUx0NydfrIQ5lsYu0znKVUzVvArzEIt08V1qhtyESbGVd1FGX7UKtiFp5uwKZdM8wIuQ=="],

    "pako": ["pako@1.0.11", "", {}, "sha512-4hLB8Py4zZce5s4yd9XzopqwVv/yGNhV1Bl8NTmCq1763HeK2+EwVTv+leGeL13Dnh2wfbqowVPXCIO0z4taYw=="],

    "pg": ["pg@8.20.0", "", { "dependencies": { "pg-connection-string": "^2.12.0", "pg-pool": "^3.13.0", "pg-protocol": "^1.13.0", "pg-types": "2.2.0", "pgpass": "1.0.5" }, "optionalDependencies": { "pg-cloudflare": "^1.3.0" }, "peerDependencies": { "pg-native": ">=3.0.1" }, "optionalPeers": ["pg-native"] }, "sha512-ldhMxz2r8fl/6QkXnBD3CR9/xg694oT6DZQ2s6c/RI28OjtSOpxnPrUCGOBJ46RCUxcWdx3p6kw/xnDHjKvaRA=="],

    "pg-cloudflare": ["pg-cloudflare@1.3.0", "", {}, "sha512-6lswVVSztmHiRtD6I8hw4qP/nDm1EJbKMRhf3HCYaqud7frGysPv7FYJ5noZQdhQtN2xJnimfMtvQq21pdbzyQ=="],

    "pg-connection-string": ["pg-connection-string@2.12.0", "", {}, "sha512-U7qg+bpswf3Cs5xLzRqbXbQl85ng0mfSV/J0nnA31MCLgvEaAo7CIhmeyrmJpOr7o+zm0rXK+hNnT5l9RHkCkQ=="],

    "pg-int8": ["pg-int8@1.0.1", "", {}, "sha512-WCtabS6t3c8SkpDBUlb1kjOs7l66xsGdKpIPZsg4wR+B3+u9UAum2odSsF9tnvxg80h4ZxLWMy4pRjOsFIqQpw=="],

    "pg-pool": ["pg-pool@3.13.0", "", { "peerDependencies": { "pg": ">=8.0" } }, "sha512-gB+R+Xud1gLFuRD/QgOIgGOBE2KCQPaPwkzBBGC9oG69pHTkhQeIuejVIk3/cnDyX39av2AxomQiyPT13WKHQA=="],

    "pg-protocol": ["pg-protocol@1.13.0", "", {}, "sha512-zzdvXfS6v89r6v7OcFCHfHlyG/wvry1ALxZo4LqgUoy7W9xhBDMaqOuMiF3qEV45VqsN6rdlcehHrfDtlCPc8w=="],

    "pg-types": ["pg-types@2.2.0", "", { "dependencies": { "pg-int8": "1.0.1", "postgres-array": "~2.0.0", "postgres-bytea": "~1.0.0", "postgres-date": "~1.0.4", "postgres-interval": "^1.1.0" } }, "sha512-qTAAlrEsl8s4OiEQY69wDvcMIdQN6wdz5ojQiOy6YRMuynxenON0O5oCpJI6lshc6scgAY8qvJ2On/p+CXY0GA=="],

    "pgpass": ["pgpass@1.0.5", "", { "dependencies": { "split2": "^4.1.0" } }, "sha512-FdW9r/jQZhSeohs1Z3sI1yxFQNFvMcnmfuj4WBMUTxOrAyLMaTcE1aAMBiTlbMNaXvBCQuVi0R7hd8udDSP7ug=="],

    "postgres-array": ["postgres-array@2.0.0", "", {}, "sha512-VpZrUqU5A69eQyW2c5CA1jtLecCsN2U/bD6VilrFDWq5+5UIEVO7nazS3TEcHf1zuPYO/sqGvUvW62g86RXZuA=="],

    "postgres-bytea": ["postgres-bytea@1.0.1", "", {}, "sha512-5+5HqXnsZPE65IJZSMkZtURARZelel2oXUEO8rH83VS/hxH5vv1uHquPg5wZs8yMAfdv971IU+kcPUczi7NVBQ=="],

    "postgres-date": ["postgres-date@1.0.7", "", {}, "sha512-suDmjLVQg78nMK2UZ454hAG+OAW+HQPZ6n++TNDUX+L0+uUlLywnoxJKDou51Zm+zTCjrCl0Nq6J9C5hP9vK/Q=="],

    "postgres-interval": ["postgres-interval@1.2.0", "", { "dependencies": { "xtend": "^4.0.0" } }, "sha512-9ZhXKM/rw350N1ovuWHbGxnGh/SNJ4cnxHiM0rxE4VN41wsg8P8zWn9hv/buK00RP4WvlOyr/RBDiptyxVbkZQ=="],

    "pptxgenjs": ["pptxgenjs@4.0.1", "", { "dependencies": { "@types/node": "^22.8.1", "https": "^1.0.0", "image-size": "^1.2.1", "jszip": "^3.10.1" } }, "sha512-TeJISr8wouAuXw4C1F/mC33xbZs/FuEG6nH9FG1Zj+nuPcGMP5YRHl6X+j3HSUnS1f3at6k75ZZXPMZlA5Lj9A=="],

    "process-nextick-args": ["process-nextick-args@2.0.1", "", {}, "sha512-3ouUOpQhtgrbOa17J7+uxOTpITYWaGP7/AhoR3+A+/1e9skrzelGi/dXzEYyvbxubEF6Wn2ypscTKiKJFFn1ag=="],

    "protobufjs": ["protobufjs@7.5.4", "", { "dependencies": { "@protobufjs/aspromise": "^1.1.2", "@protobufjs/base64": "^1.1.2", "@protobufjs/codegen": "^2.0.4", "@protobufjs/eventemitter": "^1.1.0", "@protobufjs/fetch": "^1.1.0", "@protobufjs/float": "^1.0.2", "@protobufjs/inquire": "^1.1.0", "@protobufjs/path": "^1.1.2", "@protobufjs/pool": "^1.1.0", "@protobufjs/utf8": "^1.1.0", "@types/node": ">=13.7.0", "long": "^5.0.0" } }, "sha512-CvexbZtbov6jW2eXAvLukXjXUW1TzFaivC46BpWc/3BpcCysb5Vffu+B3XHMm8lVEuy2Mm4XGex8hBSg1yapPg=="],

    "queue": ["queue@6.0.2", "", { "dependencies": { "inherits": "~2.0.3" } }, "sha512-iHZWu+q3IdFZFX36ro/lKBkSvfkztY5Y7HMiPlOUjhupPcG2JMfst2KKEpu5XndviX/3UhFbRngUPNKtgvtZiA=="],

    "readable-stream": ["readable-stream@3.6.2", "", { "dependencies": { "inherits": "^2.0.3", "string_decoder": "^1.1.1", "util-deprecate": "^1.0.1" } }, "sha512-9u/sniCrY3D5WdsERHzHE4G2YCXqoG5FTHUiCC4SIbr6XcLZBY05ya9EKjYek9O5xOAwjGq+1JdGBAS7Q9ScoA=="],

    "restore-cursor": ["restore-cursor@3.1.0", "", { "dependencies": { "onetime": "^5.1.0", "signal-exit": "^3.0.2" } }, "sha512-l+sSefzHpj5qimhFSE5a8nufZYAM3sBSVMAPtYkmC+4EH2anSGaEMXSD0izRQbu9nfyQ9y5JrVmp7E8oZrUjvA=="],

    "retry": ["retry@0.13.1", "", {}, "sha512-XQBQ3I8W1Cge0Seh+6gjj03LbmRFWuoszgK9ooCpwYIrhhoO80pfq4cUkU5DkknwfOfFteRwlZ56PYOGYyFWdg=="],

    "run-async": ["run-async@2.4.1", "", {}, "sha512-tvVnVv01b8c1RrA6Ep7JkStj85Guv/YrMcwqYQnwjsAS2cTmmPGBBjAjpCW7RrSodNSoE2/qg9O4bceNvUuDgQ=="],

    "rxjs": ["rxjs@7.8.2", "", { "dependencies": { "tslib": "^2.1.0" } }, "sha512-dhKf903U/PQZY6boNNtAGdWbG85WAbjT/1xYoZIC7FAY0yWapOBQVsVrDl58W86//e1VpMNBtRV4MaXfdMySFA=="],

    "safe-buffer": ["safe-buffer@5.1.2", "", {}, "sha512-Gd2UZBJDkXlY7GbJxfsE8/nvKkUEU1G38c1siN6QP6a9PT9MmHB8GnpscSmMJSoF8LOIrt8ud/wPtojys4G6+g=="],

    "safer-buffer": ["safer-buffer@2.1.2", "", {}, "sha512-YZo3K82SD7Riyi0E1EQPojLz7kpepnSQI9IyPbHHg1XXXevb5dJI7tpyN2ADxGcQbHG7vcyRHk0cbwqcQriUtg=="],

    "sax": ["sax@1.5.0", "", {}, "sha512-21IYA3Q5cQf089Z6tgaUTr7lDAyzoTPx5HRtbhsME8Udispad8dC/+sziTNugOEx54ilvatQ9YCzl4KQLPcRHA=="],

    "sequin": ["sequin@0.1.1", "", {}, "sha512-hJWMZRwP75ocoBM+1/YaCsvS0j5MTPeBHJkS2/wruehl9xwtX30HlDF1Gt6UZ8HHHY8SJa2/IL+jo+JJCd59rA=="],

    "setimmediate": ["setimmediate@1.0.5", "", {}, "sha512-MATJdZp8sLqDl/68LfQmbP8zKPLQNV6BIZoIgrscFDQ+RsvK/BxeDQOgyxKKoh0y/8h3BqVFnCqQ/gd+reiIXA=="],

    "signal-exit": ["signal-exit@3.0.7", "", {}, "sha512-wnD2ZE+l+SPC/uoS0vXeE9L1+0wuaMqKlfz9AMUo38JsyLSBWSFcHR1Rri62LZc12vLr1gb3jl7iwQhgwpAbGQ=="],

    "split2": ["split2@4.2.0", "", {}, "sha512-UcjcJOWknrNkF6PLX83qcHM6KHgVKNkV62Y8a5uYDVv9ydGQVwAHMKqHdJje1VTWpljG0WYpCDhrCdAOYH4TWg=="],

    "ssf": ["ssf@0.11.2", "", { "dependencies": { "frac": "~1.1.2" } }, "sha512-+idbmIXoYET47hH+d7dfm2epdOMUDjqcB4648sTZ+t2JwoyBFL/insLfB/racrDmsKB3diwsDA696pZMieAC5g=="],

    "string-width": ["string-width@4.2.3", "", { "dependencies": { "emoji-regex": "^8.0.0", "is-fullwidth-code-point": "^3.0.0", "strip-ansi": "^6.0.1" } }, "sha512-wKyQRQpjJ0sIp62ErSZdGsjMJWsap5oRNihHhu6G7JVO/9jIB6UyevL+tXuOqrng8j/cxKTWyWUwvSTriiZz/g=="],

    "string_decoder": ["string_decoder@1.1.1", "", { "dependencies": { "safe-buffer": "~5.1.0" } }, "sha512-n/ShnvDi6FHbbVfviro+WojiFzv+s8MPMHBczVePfUpDJLwoLT0ht1l4YwBCbi8pJAveEEdnkHyPyTP/mzRfwg=="],

    "strip-ansi": ["strip-ansi@6.0.1", "", { "dependencies": { "ansi-regex": "^5.0.1" } }, "sha512-Y38VPSHcqkFrCpFnQ9vuSXmquuv5oXOKpGeT6aGrr3o3Gc9AlVa6JBfUSOCnbxGGZF+/0ooI7KrPuUSztUdU5A=="],

    "supports-color": ["supports-color@7.2.0", "", { "dependencies": { "has-flag": "^4.0.0" } }, "sha512-qpCAvRl9stuOHveKsn7HncJRvv501qIacKzQlO/+Lwxc9+0q2wLyv4Dfvt80/DPn2pqOBsJdDiogXGR9+OvwRw=="],

    "through": ["through@2.3.8", "", {}, "sha512-w89qg7PI8wAdvX60bMDP+bFoD5Dvhm9oLheFp5O4a2QF0cSBGsBX4qZmadPMvVqlLJBBci+WqGGOAPvcDeNSVg=="],

    "tldts": ["tldts@7.0.26", "", { "dependencies": { "tldts-core": "^7.0.26" }, "bin": { "tldts": "bin/cli.js" } }, "sha512-WiGwQjr0qYdNNG8KpMKlSvpxz652lqa3Rd+/hSaDcY4Uo6SKWZq2LAF+hsAhUewTtYhXlorBKgNF3Kk8hnjGoQ=="],

    "tldts-core": ["tldts-core@7.0.26", "", {}, "sha512-5WJ2SqFsv4G2Dwi7ZFVRnz6b2H1od39QME1lc2y5Ew3eWiZMAeqOAfWpRP9jHvhUl881406QtZTODvjttJs+ew=="],

    "tough-cookie": ["tough-cookie@6.0.1", "", { "dependencies": { "tldts": "^7.0.5" } }, "sha512-LktZQb3IeoUWB9lqR5EWTHgW/VTITCXg4D21M+lvybRVdylLrRMnqaIONLVb5mav8vM19m44HIcGq4qASeu2Qw=="],

    "tr46": ["tr46@0.0.3", "", {}, "sha512-N3WMsuqV66lT30CrXNbEjx4GEwlow3v6rr4mCcv6prnfwhS01rkgyFdjPNBYd9br7LpXV1+Emh01fHnq2Gdgrw=="],

    "tslib": ["tslib@2.8.1", "", {}, "sha512-oJFu94HQb+KVduSUQL7wnpmqnfmLsOA/nAh6b6EH0wCEoK0/mPeXU6c3wKDV83MkOuHPRHtSXKKU99IBazS/2w=="],

    "tunnel-agent": ["tunnel-agent@0.6.0", "", { "dependencies": { "safe-buffer": "^5.0.1" } }, "sha512-McnNiV1l8RYeY8tBgEpuodCC1mLUdbSN+CYBL7kJsJNInOP8UjDDEwdk6Mw60vdLLrr5NHKZhMAOSrR2NZuQ+w=="],

    "type-fest": ["type-fest@0.21.3", "", {}, "sha512-t0rzBq87m3fVcduHDUFhKmyyX+9eo6WQjZvf51Ea/M0Q7+T374Jp1aUiyUl0GKxp8M/OETVHSDvmkyPgvX+X2w=="],

    "typescript": ["typescript@5.9.3", "", { "bin": { "tsc": "bin/tsc", "tsserver": "bin/tsserver" } }, "sha512-jl1vZzPDinLr9eUt3J/t7V6FgNEw9QjvBPdysz9KfQDD41fQrC2Y4vKQdiaUpFT4bXlb1RHhLpp8wtm6M5TgSw=="],

    "undici-types": ["undici-types@6.21.0", "", {}, "sha512-iwDZqg0QAGrg9Rav5H4n0M64c3mkR59cJ6wQp+7C4nI0gsmExaedaYLNO44eT4AtBBwjbTiGPMlt2Md0T9H9JQ=="],

    "util-deprecate": ["util-deprecate@1.0.2", "", {}, "sha512-EPD5q1uXyFxJpCrLnCc1nHnq3gOa6DZBocAIiI2TaSCA7VCJ1UJDMagCzIkXNsUYfD1daK//LTEQ8xiIbrHtcw=="],

    "uuid": ["uuid@9.0.1", "", { "bin": { "uuid": "dist/bin/uuid" } }, "sha512-b+1eJOlsR9K8HJpow9Ok3fiWOWSIcIzXodvv0rQjVoOVNpWMpxf1wZNpt4y9h10odCNrqnYp1OBzRktckBe3sA=="],

    "wcwidth": ["wcwidth@1.0.1", "", { "dependencies": { "defaults": "^1.0.3" } }, "sha512-XHPEwS0q6TaxcvG85+8EYkbiCux2XtWG2mkc47Ng2A77BQu9+DqIOJldST4HgPkuea7dvKSj5VgX3P1d4rW8Tg=="],

    "web-streams-polyfill": ["web-streams-polyfill@3.3.3", "", {}, "sha512-d2JWLCivmZYTSIoge9MsgFCZrt571BikcWGYkjC1khllbTeDlGqZ2D8vD8E/lJa8WGWbb7Plm8/XJYV7IJHZZw=="],

    "webidl-conversions": ["webidl-conversions@3.0.1", "", {}, "sha512-2JAn3z8AR6rjK8Sm8orRC0h/bcl/DqL7tRPdGZ4I1CjdF+EaMLmYxBHyXuKL849eucPFhvBoxMsflfOb8kxaeQ=="],

    "websocket-driver": ["websocket-driver@0.7.4", "", { "dependencies": { "http-parser-js": ">=0.5.1", "safe-buffer": ">=5.1.0", "websocket-extensions": ">=0.1.1" } }, "sha512-b17KeDIQVjvb0ssuSDF2cYXSg2iztliJ4B9WdsuB6J952qCPKmnVq4DyW5motImXHDC1cBT/1UezrJVsKw5zjg=="],

    "websocket-extensions": ["websocket-extensions@0.1.4", "", {}, "sha512-OqedPIGOfsDlo31UNwYbCFMSaO9m9G/0faIHj5/dZFDMFqPTcx6UwqyOy3COEaEOg/9VsGIpdqn62W5KhoKSpg=="],

    "whatwg-url": ["whatwg-url@5.0.0", "", { "dependencies": { "tr46": "~0.0.3", "webidl-conversions": "^3.0.0" } }, "sha512-saE57nupxk6v3HY35+jzBwYa0rKSy0XR8JSxZPwgLr7ys0IBzhGviA1/TUGJLmSVqs8pb9AnvICXEuOHLprYTw=="],

    "wmf": ["wmf@1.0.2", "", {}, "sha512-/p9K7bEh0Dj6WbXg4JG0xvLQmIadrner1bi45VMJTfnbVHsc7yIajZyoSoK60/dtVBs12Fm6WkUI5/3WAVsNMw=="],

    "word": ["word@0.3.0", "", {}, "sha512-OELeY0Q61OXpdUfTp+oweA/vtLVg5VDOXh+3he3PNzLGG/y0oylSOC1xRVj0+l4vQ3tj/bB1HVHv1ocXkQceFA=="],

    "wrap-ansi": ["wrap-ansi@6.2.0", "", { "dependencies": { "ansi-styles": "^4.0.0", "string-width": "^4.1.0", "strip-ansi": "^6.0.0" } }, "sha512-r6lPcBGxZXlIcymEu7InxDMhdW0KDxpLgoFLcguasxCaJ/SOIZwINatK9KY/tf+ZrlywOKU0UDj3ATXUBfxJXA=="],

    "ws": ["ws@8.20.0", "", { "peerDependencies": { "bufferutil": "^4.0.1", "utf-8-validate": ">=5.0.2" }, "optionalPeers": ["bufferutil", "utf-8-validate"] }, "sha512-sAt8BhgNbzCtgGbt2OxmpuryO63ZoDk/sqaB/znQm94T4fCEsy/yV+7CdC1kJhOU9lboAEU7R3kquuycDoibVA=="],

    "xlsx": ["xlsx@0.18.5", "", { "dependencies": { "adler-32": "~1.3.0", "cfb": "~1.2.1", "codepage": "~1.15.0", "crc-32": "~1.2.1", "ssf": "~0.11.2", "wmf": "~1.0.1", "word": "~0.3.0" }, "bin": { "xlsx": "bin/xlsx.njs" } }, "sha512-dmg3LCjBPHZnQp5/F/+nnTa+miPJxUXB6vtk42YjBBKayDNagxGEeIdWApkYPOf3Z3pm3k62Knjzp7lMeTEtFQ=="],

    "xml2js": ["xml2js@0.6.2", "", { "dependencies": { "sax": ">=0.6.0", "xmlbuilder": "~11.0.0" } }, "sha512-T4rieHaC1EXcES0Kxxj4JWgaUQHDk+qwHcYOCFHfiwKz7tOVPLq7Hjq9dM1WCMhylqMEfP7hMcOIChvotiZegA=="],

    "xmlbuilder": ["xmlbuilder@11.0.1", "", {}, "sha512-fDlsI/kFEx7gLvbecc0/ohLG50fugQp8ryHzMTuW9vSa1GJ0XYWKnhsUx7oie3G98+r56aTQIUB4kht42R3JvA=="],

    "xtend": ["xtend@4.0.2", "", {}, "sha512-LKYU1iAXJXUgAXn9URjiu+MWhyUXHsvfp7mcuYm9dSUKK0/CjtrUwFAxD82/mCWbtLsGjFIad0wIsod4zrTAEQ=="],

    "zod": ["zod@3.25.76", "", {}, "sha512-gzUt/qt81nXsFGKIFcC3YnfEAx5NkunCfnDlvuBSSFS02bcXu4Lmea0AFIUwbLWxWPx3d9p8S5QoaujKcNQxcQ=="],

    "@google/genai/google-auth-library": ["google-auth-library@10.6.2", "", { "dependencies": { "base64-js": "^1.3.0", "ecdsa-sig-formatter": "^1.0.11", "gaxios": "^7.1.4", "gcp-metadata": "8.1.2", "google-logging-utils": "1.1.3", "jws": "^4.0.0" } }, "sha512-e27Z6EThmVNNvtYASwQxose/G57rkRuaRbQyxM2bvYLLX/GqWZ5chWq2EBoUchJbCc57eC9ArzO5wMsEmWftCw=="],

    "gaxios/https-proxy-agent": ["https-proxy-agent@7.0.6", "", { "dependencies": { "agent-base": "^7.1.2", "debug": "4" } }, "sha512-vK9P5/iUfdl95AI+JVyUuIcVtd4ofvtrOr3HNtM2yxC9bnMbEdp3x01OhQNnjb8IJYi38VlTE3mBXwcfvywuSw=="],

    "gcp-metadata/google-logging-utils": ["google-logging-utils@0.0.2", "", {}, "sha512-NEgUnEcBiP5HrPzufUkBzJOD/Sxsco3rLNo1F1TNf7ieU8ryUzBhqba8r756CjLX7rn3fHl6iLEwPYuqpoKgQQ=="],

    "jszip/readable-stream": ["readable-stream@2.3.8", "", { "dependencies": { "core-util-is": "~1.0.0", "inherits": "~2.0.3", "isarray": "~1.0.0", "process-nextick-args": "~2.0.0", "safe-buffer": "~5.1.1", "string_decoder": "~1.1.1", "util-deprecate": "~1.0.1" } }, "sha512-8p0AUk4XODgIewSi0l8Epjs+EVnWiK7NoDIEGU0HhE7+ZyY8D1IMY7odu5lRrFXGg71L15KG8QrPmum45RTtdA=="],

    "@google/genai/google-auth-library/gaxios": ["gaxios@7.1.4", "", { "dependencies": { "extend": "^3.0.2", "https-proxy-agent": "^7.0.1", "node-fetch": "^3.3.2" } }, "sha512-bTIgTsM2bWn3XklZISBTQX7ZSddGW+IO3bMdGaemHZ3tbqExMENHLx6kKZ/KlejgrMtj8q7wBItt51yegqalrA=="],

    "@google/genai/google-auth-library/gcp-metadata": ["gcp-metadata@8.1.2", "", { "dependencies": { "gaxios": "^7.0.0", "google-logging-utils": "^1.0.0", "json-bigint": "^1.0.0" } }, "sha512-zV/5HKTfCeKWnxG0Dmrw51hEWFGfcF2xiXqcA3+J90WDuP0SvoiSO5ORvcBsifmx/FoIjgQN3oNOGaQ5PhLFkg=="],

    "gaxios/https-proxy-agent/agent-base": ["agent-base@7.1.4", "", {}, "sha512-MnA+YT8fwfJPgBx3m60MNqakm30XOkyIoH1y6huTQvC0PwZG7ki8NacLBcrPbNoo8vEZy7Jpuk7+jMO+CUovTQ=="],

    "@google/genai/google-auth-library/gaxios/https-proxy-agent": ["https-proxy-agent@7.0.6", "", { "dependencies": { "agent-base": "^7.1.2", "debug": "4" } }, "sha512-vK9P5/iUfdl95AI+JVyUuIcVtd4ofvtrOr3HNtM2yxC9bnMbEdp3x01OhQNnjb8IJYi38VlTE3mBXwcfvywuSw=="],

    "@google/genai/google-auth-library/gaxios/node-fetch": ["node-fetch@3.3.2", "", { "dependencies": { "data-uri-to-buffer": "^4.0.0", "fetch-blob": "^3.1.4", "formdata-polyfill": "^4.0.10" } }, "sha512-dRB78srN/l6gqWulah9SrxeYnxeddIG30+GOqK/9OlLVyLg3HPnr6SqOWTWOXKRwC2eGYCkZ59NNuSgvSrpgOA=="],

    "@google/genai/google-auth-library/gaxios/https-proxy-agent/agent-base": ["agent-base@7.1.4", "", {}, "sha512-MnA+YT8fwfJPgBx3m60MNqakm30XOkyIoH1y6huTQvC0PwZG7ki8NacLBcrPbNoo8vEZy7Jpuk7+jMO+CUovTQ=="],
  }
}
